{
    "_meta": {
        "hash": {
            "sha256": "b4bb4a575764364e51db2585e866af14c09da2e48b0fad77e1b373e785f40a06"
        },
        "pipfile-spec": 6,
        "requires": {
            "python_version": "3.6"
        },
        "sources": [
            {
                "name": "pypi",
                "url": "https://pypi.python.org/simple",
                "verify_ssl": true
            }
        ]
    },
    "default": {
        "aiodns": {
            "hashes": [
                "sha256:99d0652f2c02f73bfa646bf44af82705260a523014576647d7959e664830b26b",
                "sha256:d8677adc679ce8d0ef706c14d9c3d2f27a0e0cc11d59730cdbaf218ad52dd9ea"
            ],
            "index": "pypi",
            "version": "==1.1.1"
        },
        "aiohttp": {
            "hashes": [
                "sha256:0111b4c71d1121bfcbd392bbabd573d20f133f491161b87718a07976e0459c32",
                "sha256:14e2f6cd6bc9e40fc79d6d2573fc08231546418f116dcbd30942fb57eec92104",
                "sha256:2fcec70bcb60f86b1abdf2c9d28b65e53c52a2325001f2cf7ef7afa5bd5387f4",
                "sha256:3aaf110f4635db5a1d01f624e441cbcf9c23490d113d8b0c5727f119136d5663",
                "sha256:3d0a11291d70d82a58dd404a89f0a5294e2b2008cf33f8bbac91dbcf3241fcbe",
                "sha256:524107f04ead82e0684f4bcd915fc3d5c936dbcf86d017b8339e396005879085",
                "sha256:65388aeda85d72b8219c3f8ba33261bc8576da0852e758c555eb17ca2a3069c4",
                "sha256:6be8389b9de30d31946b1ed3cbec37427646851b763e2f4cab1ba0b87709c3af",
                "sha256:74ccdd450da8fb2ac29add97624ee4b573c8891b14c7b833a954343f05aa8772",
                "sha256:7a2029dcb3e59d70c4520ce95c477577962753b302e3b969c3c97043bd20bc40",
                "sha256:850061409274d2528ff78f773da680eab57efd08efadfe035a92c1c20a46964b",
                "sha256:8c14ca8069c0b04aa1c47ec26c494b56bf9dec8085c8cadc655b9cad9719a0df",
                "sha256:c45d2f20357f04ebb9957074a5139316c01c635f21a54f833ce560846dee795c",
                "sha256:cc1eee0746ab0c876e246960fdb5a839e63e673b8089c79a4c21f4cba66bcd00",
                "sha256:cca6a8715694e0913419b6c0712e33e77d59b73428dd7e9ff18e27851df53a94",
                "sha256:d367eba9aed4f10ee7a85cdfbfe2a2f492c36d0e34785b97cbc9e9c3b3168c12",
                "sha256:d5ea7feae3cd8e64469ca9d3a6da4981f251b884997007e073cdebc0919a3b55",
                "sha256:d944aacf988a32ccbe62d3f2533ed8beb1c08dbed96260c5f1cd76fae0539f5c",
                "sha256:dbe39eac8a05e2e3b6b8a656dce589bbe3a0d1ab2816e44e64b7595b7bfc1568",
                "sha256:dc118fae7e6353166a51caecc2044cd3390688fce57d2330b803fc86ffb48b2e",
                "sha256:e20e1b73e7da29b45915cde65fbec1693df221024522bbc38f017e6de101482a",
                "sha256:f25aac47a1b6e784de0dc4fae2ce1aeaf1c0717801632eec17a304b21e34056f"
            ],
            "index": "pypi",
            "version": "==2.3.6"
        },
        "aitertools": {
            "hashes": [
                "sha256:365b51839972ce8ac30acaa4c8682c62bc0678cc21a39709cea4639a2e821249"
            ],
            "index": "pypi",
            "version": "==0.1.0"
        },
        "asn1crypto": {
            "hashes": [
                "sha256:4bcdf33c861c7d40bdcd74d8e4dd7661aac320fcdf40b9a3f95b4ee12fde2fa8",
                "sha256:f4f6e119474e58e04a2b1af817eb585b4fd72bdd89b998624712b5c99be7641c"
            ],
            "version": "==1.4.0"
        },
        "async-timeout": {
            "hashes": [
                "sha256:0c3c816a028d47f659d6ff5c745cb2acf1f966da1fe5c19c77a70282b25f4c5f",
                "sha256:4291ca197d287d274d0b6cb5d6f8f8f82d434ed288f962539ff18cc9012f9ea3"
            ],
            "version": "==3.0.1"
        },
        "cffi": {
            "hashes": [
                "sha256:0da50dcbccd7cb7e6c741ab7912b2eff48e85af217d72b57f80ebc616257125e",
                "sha256:12a453e03124069b6896107ee133ae3ab04c624bb10683e1ed1c1663df17c13c",
                "sha256:15419020b0e812b40d96ec9d369b2bc8109cc3295eac6e013d3261343580cc7e",
                "sha256:15a5f59a4808f82d8ec7364cbace851df591c2d43bc76bcbe5c4543a7ddd1bf1",
                "sha256:23e44937d7695c27c66a54d793dd4b45889a81b35c0751ba91040fe825ec59c4",
                "sha256:29c4688ace466a365b85a51dcc5e3c853c1d283f293dfcc12f7a77e498f160d2",
                "sha256:57214fa5430399dffd54f4be37b56fe22cedb2b98862550d43cc085fb698dc2c",
                "sha256:577791f948d34d569acb2d1add5831731c59d5a0c50a6d9f629ae1cefd9ca4a0",
                "sha256:6539314d84c4d36f28d73adc1b45e9f4ee2a89cdc7e5d2b0a6dbacba31906798",
                "sha256:65867d63f0fd1b500fa343d7798fa64e9e681b594e0a07dc934c13e76ee28fb1",
                "sha256:672b539db20fef6b03d6f7a14b5825d57c98e4026401fce838849f8de73fe4d4",
                "sha256:6843db0343e12e3f52cc58430ad559d850a53684f5b352540ca3f1bc56df0731",
                "sha256:7057613efefd36cacabbdbcef010e0a9c20a88fc07eb3e616019ea1692fa5df4",
                "sha256:76ada88d62eb24de7051c5157a1a78fd853cca9b91c0713c2e973e4196271d0c",
                "sha256:837398c2ec00228679513802e3744d1e8e3cb1204aa6ad408b6aff081e99a487",
                "sha256:8662aabfeab00cea149a3d1c2999b0731e70c6b5bac596d95d13f643e76d3d4e",
                "sha256:95e9094162fa712f18b4f60896e34b621df99147c2cee216cfa8f022294e8e9f",
                "sha256:99cc66b33c418cd579c0f03b77b94263c305c389cb0c6972dac420f24b3bf123",
                "sha256:9b219511d8b64d3fa14261963933be34028ea0e57455baf6781fe399c2c3206c",
                "sha256:ae8f34d50af2c2154035984b8b5fc5d9ed63f32fe615646ab435b05b132ca91b",
                "sha256:b9aa9d8818c2e917fa2c105ad538e222a5bce59777133840b93134022a7ce650",
                "sha256:bf44a9a0141a082e89c90e8d785b212a872db793a0080c20f6ae6e2a0ebf82ad",
                "sha256:c0b48b98d79cf795b0916c57bebbc6d16bb43b9fc9b8c9f57f4cf05881904c75",
                "sha256:da9d3c506f43e220336433dffe643fbfa40096d408cb9b7f2477892f369d5f82",
                "sha256:e4082d832e36e7f9b2278bc774886ca8207346b99f278e54c9de4834f17232f7",
                "sha256:e4b9b7af398c32e408c00eb4e0d33ced2f9121fd9fb978e6c1b57edd014a7d15",
                "sha256:e613514a82539fc48291d01933951a13ae93b6b444a88782480be32245ed4afa",
                "sha256:f5033952def24172e60493b68717792e3aebb387a8d186c43c020d9363ee7281"
            ],
            "markers": "platform_python_implementation != 'PyPy'",
            "version": "==1.14.2"
        },
        "chardet": {
            "hashes": [
                "sha256:84ab92ed1c4d4f16916e05906b6b75a6c0fb5db821cc65e70cbd64a3e2a5eaae",
                "sha256:fc323ffcaeaed0e0a02bf4d117757b98aed530d9ed4531e3e15460124c106691"
            ],
            "version": "==3.0.4"
        },
        "cryptography": {
            "hashes": [
                "sha256:0d39a93cf25edeae1f796bbc5960e587f34513a852564f6345ea4491a86c5997",
                "sha256:18d0b0fc21f39b35ea469a82584f55eeecec1f65a92d85af712c425bdef627b3",
                "sha256:27a208b9600166976182351174948e128818e7fc95cbdba18143f3106a211546",
                "sha256:28e4e9a97713aa47b5ef9c5003def2eb58aec89781ef3ef82b1c2916a8b0639b",
                "sha256:2cfcee8829c5dec55597826d52c26bc26e7ce39adb4771584459d0636b0b7108",
                "sha256:33b564196dcd563e309a0b07444e31611368afe3a3822160c046f5e4c3b5cdd7",
                "sha256:41f94194ae78f83fd94ca94fb8ad65f92210a76a2421169ffa5c33c3ec7605f4",
                "sha256:4f385ee7d39ee1ed74f1d6b1da03d0734ea82855a7b28a9e6e88c4091bc58664",
                "sha256:55555d784cfdf9033e81f044c0df04babed2aa141213765d960d233b0139e353",
                "sha256:69285f5615507b6625f89ea1048addd1d9218585fb886eb90bdebb1d2b2d26f5",
                "sha256:6cb1224da391fa90f1be524eafb375b62baf8d3df9690b32e8cc475ccfccee5e",
                "sha256:6fb22f63e17813f3d1d8e30dd1e249e2c34233ba1d3de977fd31cb5db764c7d0",
                "sha256:7a2409f1564c84bcf2563d379c9b6148c5bc6b0ae46e109f6a7b4bebadf551df",
                "sha256:8487524a1212223ca6dc7e2c8913024618f7ff29855c98869088e3818d5f6733",
                "sha256:9a2945efcff84830c8e237ab037d0269380d75d400a89cc9e5628e52647e21be",
                "sha256:9a47a80f65f4feaaf8415a40c339806c7d7d867152ddccc6ca87f707c8b7b565",
                "sha256:a3c180d12ffb1d8ee5b33a514a5bcb2a9cc06cc89aa74038015591170c82f55d",
                "sha256:a5f2c681fd040ed648513939a1dd2242af19bd5e9e79e53b6dcfa33bdae61217",
                "sha256:b984523d28737e373c7c35c8b6db6001537609d47534892de189bebebaa42a47",
                "sha256:d18df9cf3f3212df28d445ea82ce702c4d7a35817ef7a38ee38879ffa8f7e857",
                "sha256:e4d967371c5b6b2e67855066471d844c5d52d210c36c28d49a8507b96e2c5291",
                "sha256:ee245f185fae723133511e2450be08a66c2eebb53ad27c0c19b228029f4748a5",
                "sha256:fc2208d95d9ecc8032f5e38330d5ace2e3b0b998e42b08c30c35b2ab3a4a3bc8"
            ],
            "index": "pypi",
            "version": "==2.1.4"
        },
        "cssselect": {
            "hashes": [
                "sha256:4f5f799a1d3182b04814007e9e7fc6c362f4489c7420d6b348cc901ece07ced9",
                "sha256:73db1c054b9348409e2862fc6c0dde5c4e4fbe4da64c5c5a9e05fbea45744077"
            ],
            "index": "pypi",
            "version": "==1.0.1"
        },
        "django": {
            "hashes": [
                "sha256:84f370f6acedbe1f3c41e1a02de44ac206efda3355e427139ecb785b5f596d80",
                "sha256:e8fe3c2b2212dce6126becab7a693157f1a441a07b62ec994c046c76af5bb66d"
            ],
            "index": "pypi",
            "version": "==2.2.13"
        },
        "docopt": {
            "hashes": [
                "sha256:49b3a825280bd66b3aa83585ef59c4a8c82f2c8a522dbe754a8bc8d08c85c491"
            ],
            "index": "pypi",
            "version": "==0.6.2"
        },
        "hashids": {
            "hashes": [
                "sha256:6539b892a426e75747a9c0ad69409e9566f9c21b79310fc3424b5b6726f28da6"
            ],
            "index": "pypi",
            "version": "==1.2.0"
        },
        "html5lib": {
            "hashes": [
                "sha256:20b159aa3badc9d5ee8f5c647e5efd02ed2a66ab8d354930bd9ff139fc1dc0a3",
                "sha256:66cb0dcfdbbc4f9c3ba1a63fdb511ffdbd4f513b2b6d81b80cd26ce6b3fb3736"
            ],
            "index": "pypi",
            "version": "==1.0.1"
        },
        "idna": {
            "hashes": [
                "sha256:b307872f855b18632ce0c21c5e45be78c0ea7ae4c15c828c20788b26921eb3f6",
                "sha256:b97d804b1e9b523befed77c48dacec60e6dcb0b5391d57af6a65a312a90648c0"
            ],
            "version": "==2.10"
        },
        "lxml": {
            "hashes": [
                "sha256:0ee07da52d240f1dc3c83eef5cd5f1b7f018226c1121f2a54d446645779a6d17",
                "sha256:155521c337acecf8202091cff85bb9f709f238130ebadf04280fb1db11f5ad8b",
                "sha256:155c916cf2645b4a8f2bd5d09065e92d1b67b8d464bdc001e0b524af84bedf6f",
                "sha256:2190266059fec3c5a55f9d6c30532c64c6d414d3228909c0af573fe4907e78d1",
                "sha256:29a36e354c39b2e24bc4ee103de53417ebb80f976a6ab9e8d093d559e2ac03e1",
                "sha256:2dedfeeecc2d5a939cf622602f5a1ce443ca82407f386880f739f1a9f08053ad",
                "sha256:3b33549fb8f91b38a7500078242b03cca513f3412a2cdae722e89bf83f95971d",
                "sha256:4187c4b0cefc3353181db048c51f42c489d9ac51e40b86c4851dc0671372971d",
                "sha256:41f59cbdab232f11680d5d4dec9f2e6782fd24d78e37ee833447702e34e675f4",
                "sha256:470d7ce41e8047208ba1a376560bad17f1468df1f3097bc83902b26cfafdbb0c",
                "sha256:49a655956f8de69e1258bc0fcfc43eb3bd1e038655784d77d1869b4b81444e37",
                "sha256:4c12e90886d9c53ab434c8d0cebea122321cce19614c3c6b6d1a7700d7cc6212",
                "sha256:6cba398eb37e0631e60e0e080c101cfe91769b2c8267105b64b4625e2581ea21",
                "sha256:79322000279cda10b53c374d53ca632ead3bc51c6aebf8e62c8fa93a4d08b750",
                "sha256:87a66bcadac270fc010cb029022a93fc722bf1204a8b03e782d4c790f0edf7ca",
                "sha256:940caef1ec7c78e0c34b0f6b94fe42d0f2022915ffc78643d28538a5cfd0f40e",
                "sha256:950e63387514aa1b881eba5ac6cb2ec51a118b3dafe99dd80ca19d8fb0142f30",
                "sha256:af8a5373241d09b8fc53e0490e1719ce5dc90a21b19db89b6596c1adcdd52270",
                "sha256:b106d4d2383382399ad82108fd187e92f40b1c90f55c2d36bbcb1c44bcf940fc",
                "sha256:ba05732e4bcf59e948f61588851dcf620fd60d5bbd9d704203e5f59bbaa60219",
                "sha256:d2c985d2460b81c6ca5feb8b86f1bc594ad59405d0bdf68626b85852b701553c",
                "sha256:d5d29663e979e83b3fc361e97200f959cddb3a14797391d15273d84a5a8ae44b",
                "sha256:dd291debfaa535d9cb6cee8d7aca2328775e037d02d13f1634e57f49bc302cc4",
                "sha256:e37427d5a27eefbcfc48847e0b37f348113fac7280bc857421db39ffc6372570",
                "sha256:e608839a5ee2180164424ccf279c8e2d9bbe8816d002c58fd97d6b621ba4aa94",
                "sha256:e6b6698415c7e8d227a47a3b1038e1b37c2b438a1b48c2db7ad9e74ddbcd1149",
                "sha256:e7e41d383f19bab9d57f5f3b18d158655bcd682e7e723f441b9e183e1e35a6b5",
                "sha256:fa7320679ced5e25b20203d157280680fc84eb783b6cc650cb0c98e1858b7dd3"
            ],
            "index": "pypi",
            "version": "==4.1.1"
        },
        "multidict": {
            "hashes": [
                "sha256:1ece5a3369835c20ed57adadc663400b5525904e53bae59ec854a5d36b39b21a",
                "sha256:275ca32383bc5d1894b6975bb4ca6a7ff16ab76fa622967625baeebcf8079000",
                "sha256:3750f2205b800aac4bb03b5ae48025a64e474d2c6cc79547988ba1d4122a09e2",
                "sha256:4538273208e7294b2659b1602490f4ed3ab1c8cf9dbdd817e0e9db8e64be2507",
                "sha256:5141c13374e6b25fe6bf092052ab55c0c03d21bd66c94a0e3ae371d3e4d865a5",
                "sha256:51a4d210404ac61d32dada00a50ea7ba412e6ea945bbe992e4d7a595276d2ec7",
                "sha256:5cf311a0f5ef80fe73e4f4c0f0998ec08f954a6ec72b746f3c179e37de1d210d",
                "sha256:6513728873f4326999429a8b00fc7ceddb2509b01d5fd3f3be7881a257b8d463",
                "sha256:7388d2ef3c55a8ba80da62ecfafa06a1c097c18032a501ffd4cabbc52d7f2b19",
                "sha256:9456e90649005ad40558f4cf51dbb842e32807df75146c6d940b6f5abb4a78f3",
                "sha256:c026fe9a05130e44157b98fea3ab12969e5b60691a276150db9eda71710cd10b",
                "sha256:d14842362ed4cf63751648e7672f7174c9818459d169231d03c56e84daf90b7c",
                "sha256:e0d072ae0f2a179c375f67e3da300b47e1a83293c554450b29c900e50afaae87",
                "sha256:f07acae137b71af3bb548bd8da720956a3bc9f9a0b87733e0899226a2317aeb7",
                "sha256:fbb77a75e529021e7c4a8d4e823d88ef4d23674a202be4f5addffc72cbb91430",
                "sha256:fcfbb44c59af3f8ea984de67ec7c306f618a3ec771c2843804069917a8f2e255",
                "sha256:feed85993dbdb1dbc29102f50bca65bdc68f2c0c8d352468c25b54874f23c39d"
            ],
            "version": "==4.7.6"
        },
        "pprintpp": {
            "hashes": [
                "sha256:7beb0a75214d19f66e89624401eaa4d18c4007d55740bf882bdb81956059dcdf",
                "sha256:9fe5fe885f7cb5a1e95dedc4e89d8ef177110b3eda7cf07b6060e518cb2085c4"
            ],
            "index": "pypi",
            "version": "==0.3.0"
        },
        "pycares": {
            "hashes": [
                "sha256:050f00b39ed77ea8a4e555f09417d4b1a6b5baa24bb9531a3e15d003d2319b3f",
                "sha256:0a24d2e580a8eb567140d7b69f12cb7de90c836bd7b6488ec69394d308605ac3",
                "sha256:0c5bd1f6f885a219d5e972788d6eef7b8043b55c3375a845e5399638436e0bba",
                "sha256:11c628402cc8fc8ef461076d4e47f88afc1f8609989ebbff0dbffcd54c97239f",
                "sha256:18dfd4fd300f570d6c4536c1d987b7b7673b2a9d14346592c5d6ed716df0d104",
                "sha256:1917b82494907a4a342db420bc4dd5bac355a5fa3984c35ba9bf51422b020b48",
                "sha256:1b90fa00a89564df059fb18e796458864cc4e00cb55e364dbf921997266b7c55",
                "sha256:1d8d177c40567de78108a7835170f570ab04f09084bfd32df9919c0eaec47aa1",
                "sha256:236286f81664658b32c141c8e79d20afc3d54f6e2e49dfc8b702026be7265855",
                "sha256:2e4f74677542737fb5af4ea9a2e415ec5ab31aa67e7b8c3c969fdb15c069f679",
                "sha256:48a7750f04e69e1f304f4332b755728067e7c4b1abe2760bba1cacd9ff7a847a",
                "sha256:7d86e62b700b21401ffe7fd1bbfe91e08489416fecae99c6570ab023c6896022",
                "sha256:7e2d7effd08d2e5a3cb95d98a7286ebab71ab2fbce84fa93cc2dd56caf7240dd",
                "sha256:81edb016d9e43dde7473bc3999c29cdfee3a6b67308fed1ea21049f458e83ae0",
                "sha256:96c90e11b4a4c7c0b8ff5aaaae969c5035493136586043ff301979aae0623941",
                "sha256:9a0a1845f8cb2e62332bca0aaa9ad5494603ac43fb60d510a61d5b5b170d7216",
                "sha256:a05bbfdfd41f8410a905a818f329afe7510cbd9ee65c60f8860a72b6c64ce5dc",
                "sha256:a5089fd660f0b0d228b14cdaa110d0d311edfa5a63f800618dbf1321dcaef66b",
                "sha256:c457a709e6f2befea7e2996c991eda6d79705dd075f6521593ba6ebc1485b811",
                "sha256:c5cb72644b04e5e5abfb1e10a0e7eb75da6684ea0e60871652f348e412cf3b11",
                "sha256:cce46dd4717debfd2aab79d6d7f0cbdf6b1e982dc4d9bebad81658d59ede07c2",
                "sha256:cfdd1f90bcf373b00f4b2c55ea47868616fe2f779f792fc913fa82a3d64ffe43",
                "sha256:d88a279cbc5af613f73e86e19b3f63850f7a2e2736e249c51995dedcc830b1bb",
                "sha256:eba9a9227438da5e78fc8eee32f32eb35d9a50cf0a0bd937eb6275c7cc3015fe",
                "sha256:eee7b6a5f5b5af050cb7d66ab28179287b416f06d15a8974ac831437fec51336",
                "sha256:f41ac1c858687e53242828c9f59c2e7b0b95dbcd5bdd09c7e5d3c48b0f89a25a",
                "sha256:f8deaefefc3a589058df1b177275f79233e8b0eeee6734cf4336d80164ecd022",
                "sha256:fa78e919f3bd7d6d075db262aa41079b4c02da315c6043c6f43881e2ebcdd623",
                "sha256:fadb97d2e02dabdc15a0091591a972a938850d79ddde23d385d813c1731983f0"
            ],
            "version": "==3.1.1"
        },
        "pycparser": {
            "hashes": [
                "sha256:2d475327684562c3a96cc71adf7dc8c4f0565175cf86b6d7a404ff4c771f15f0",
                "sha256:7582ad22678f0fcd81102833f60ef8d0e57288b6b5fb00323d101be910e35705"
            ],
            "version": "==2.20"
        },
        "pytz": {
            "hashes": [
                "sha256:a494d53b6d39c3c6e44c3bec237336e14305e4f29bbf800b599253057fbb79ed",
                "sha256:c35965d010ce31b23eeb663ed3cc8c906275d6be1a34393a1d73a41febf4a048"
            ],
            "version": "==2020.1"
        },
        "six": {
            "hashes": [
                "sha256:30639c035cdb23534cd4aa2dd52c3bf48f06e5f4a941509c8bafd8ce11080259",
                "sha256:8b74bedcbbbaca38ff6d7491d76f2b06b3592611af620f8426e82dddb04a5ced"
            ],
            "version": "==1.15.0"
        },
        "sqlalchemy": {
            "hashes": [
                "sha256:8b79a5ed91cdcb5abe97b0045664c55c140aec09e5dd5c01303e23de5fe7a95a"
            ],
            "index": "pypi",
            "version": "==1.1.15"
        },
        "sqlparse": {
            "hashes": [
                "sha256:022fb9c87b524d1f7862b3037e541f68597a730a8843245c349fc93e1643dc4e",
                "sha256:e162203737712307dfe78860cc56c8da8a852ab2ee33750e33aeadf38d12c548"
            ],
            "version": "==0.3.1"
        },
        "toml": {
            "hashes": [
                "sha256:e1e8c220046889234df5ec688d6f97b734fc4a08a6d8edfc176f4e6abf90cfb5"
            ],
            "index": "pypi",
            "version": "==0.9.3.1"
        },
        "typing-extensions": {
            "hashes": [
                "sha256:7cb407020f00f7bfc3cb3e7881628838e69d8f3fcab2f64742a5e76b2f841918",
                "sha256:99d4073b617d30288f569d3f13d2bd7548c3a7e4c8de87db09a9d29bb3a4a60c",
                "sha256:dafc7639cde7f1b6e1acc0f457842a83e722ccca8eef5270af2d74792619a89f"
            ],
            "markers": "python_version < '3.8'",
            "version": "==3.7.4.3"
        },
        "webencodings": {
            "hashes": [
                "sha256:a0af1213f3c2226497a97e2b3aa01a7e4bee4f403f95be16fc9acd2947514a78",
                "sha256:b36a1c245f2d304965eb4e0a82848379241dc04b865afcc4aab16748587e1923"
            ],
            "version": "==0.5.1"
        },
        "yarl": {
            "hashes": [
                "sha256:040b237f58ff7d800e6e0fd89c8439b841f777dd99b4a9cca04d6935564b9409",
                "sha256:17668ec6722b1b7a3a05cc0167659f6c95b436d25a36c2d52db0eca7d3f72593",
                "sha256:3a584b28086bc93c888a6c2aa5c92ed1ae20932f078c46509a66dce9ea5533f2",
                "sha256:4439be27e4eee76c7632c2427ca5e73703151b22cae23e64adb243a9c2f565d8",
                "sha256:48e918b05850fffb070a496d2b5f97fc31d15d94ca33d3d08a4f86e26d4e7c5d",
                "sha256:9102b59e8337f9874638fcfc9ac3734a0cfadb100e47d55c20d0dc6087fb4692",
                "sha256:9b930776c0ae0c691776f4d2891ebc5362af86f152dd0da463a6614074cb1b02",
                "sha256:b3b9ad80f8b68519cc3372a6ca85ae02cc5a8807723ac366b53c0f089db19e4a",
                "sha256:bc2f976c0e918659f723401c4f834deb8a8e7798a71be4382e024bcc3f7e23a8",
                "sha256:c22c75b5f394f3d47105045ea551e08a3e804dc7e01b37800ca35b58f856c3d6",
                "sha256:c52ce2883dc193824989a9b97a76ca86ecd1fa7955b14f87bf367a61b6232511",
                "sha256:ce584af5de8830d8701b8979b18fcf450cef9a382b1a3c8ef189bedc408faf1e",
                "sha256:da456eeec17fa8aa4594d9a9f27c0b1060b6a75f2419fe0c00609587b2695f4a",
                "sha256:db6db0f45d2c63ddb1a9d18d1b9b22f308e52c83638c26b422d520a815c4b3fb",
                "sha256:df89642981b94e7db5596818499c4b2219028f2a528c9c37cc1de45bf2fd3a3f",
                "sha256:f18d68f2be6bf0e89f1521af2b1bb46e66ab0018faafa81d70f358153170a317",
                "sha256:f379b7f83f23fe12823085cd6b906edc49df969eb99757f58ff382349a3303c6"
            ],
            "version": "==1.5.1"
        }
    },
    "develop": {
        "attrs": {
            "hashes": [
                "sha256:0ef97238856430dcf9228e07f316aefc17e8939fc8507e18c6501b761ef1a42a",
                "sha256:2867b7b9f8326499ab5b0e2d12801fa5c98842d2cbd22b35112ae04bf85b4dff"
            ],
            "version": "==20.1.0"
        },
        "pluggy": {
            "hashes": [
                "sha256:7f8ae7f5bdf75671a718d2daf0a64b7885f74510bcd98b1a0bb420eb9a9d0cff",
                "sha256:d345c8fe681115900d6da8d048ba67c25df42973bda370783cd58826442dcd7c",
                "sha256:e160a7fcf25762bb60efc7e171d4497ff1d8d2d75a3d0df7a21b76821ecbf5c5"
            ],
            "version": "==0.6.0"
        },
        "py": {
            "hashes": [
                "sha256:366389d1db726cd2fcfc79732e75410e5fe4d31db13692115529d34069a043c2",
                "sha256:9ca6883ce56b4e8da7e79ac18787889fa5206c79dcc67fb065376cd2fe03f342"
            ],
            "version": "==1.9.0"
        },
        "pytest": {
            "hashes": [
                "sha256:ae4a2d0bae1098bbe938ecd6c20a526d5d47a94dc42ad7331c9ad06d0efe4962",
                "sha256:cf8436dc59d8695346fcd3ab296de46425ecab00d64096cebe79fb51ecb2eb93"
            ],
            "index": "pypi",
            "version": "==3.3.1"
        },
        "six": {
            "hashes": [
                "sha256:30639c035cdb23534cd4aa2dd52c3bf48f06e5f4a941509c8bafd8ce11080259",
                "sha256:8b74bedcbbbaca38ff6d7491d76f2b06b3592611af620f8426e82dddb04a5ced"
            ],
            "version": "==1.15.0"
        }
    }
}
